// !$*UTF8*$!
{
	archiveVersion = 1;
	classes = {
	};
	objectVersion = 45;
	objects = {

/* Begin PBXBuildFile section */
		8DD76F6A0486A84900D96B5E /* Sewers.1 in CopyFiles */ = {isa = PBXBuildFile; fileRef = C6859E8B029090EE04C91782 /* Sewers.1 */; };
		930E08E0115E528500ABAAE5 /* Connection.cpp in Sources */ = {isa = PBXBuildFile; fileRef = 930E08DF115E528500ABAAE5 /* Connection.cpp */; };
		930E08EE115E53C900ABAAE5 /* TruthTable.cpp in Sources */ = {isa = PBXBuildFile; fileRef = 930E08ED115E53C900ABAAE5 /* TruthTable.cpp */; };
		931A70C2114E774800F17A33 /* Tester.cpp in Sources */ = {isa = PBXBuildFile; fileRef = 931A70C1114E774800F17A33 /* Tester.cpp */; };
		933F3B461116057B004062C4 /* DrawingObject.cpp in Sources */ = {isa = PBXBuildFile; fileRef = 933F3B2F1116057B004062C4 /* DrawingObject.cpp */; };
		9352F5C31160ED810030513B /* Gate.cpp in Sources */ = {isa = PBXBuildFile; fileRef = 9352F5C21160ED810030513B /* Gate.cpp */; };
		9352F5CC1160EF110030513B /* Puzzle.cpp in Sources */ = {isa = PBXBuildFile; fileRef = 9352F5CB1160EF110030513B /* Puzzle.cpp */; };
		9352F5D11160EF860030513B /* HudPuzzle.cpp in Sources */ = {isa = PBXBuildFile; fileRef = 9352F5D01160EF860030513B /* HudPuzzle.cpp */; };
		9352F5D61160EFDD0030513B /* BlueprintScreen.cpp in Sources */ = {isa = PBXBuildFile; fileRef = 9352F5D51160EFDD0030513B /* BlueprintScreen.cpp */; };
		9352F6091160F1100030513B /* PuzzleRoom.cpp in Sources */ = {isa = PBXBuildFile; fileRef = 9352F6081160F1100030513B /* PuzzleRoom.cpp */; };
		9352F60E1160F1950030513B /* ManufacturersRoom.cpp in Sources */ = {isa = PBXBuildFile; fileRef = 9352F60D1160F1950030513B /* ManufacturersRoom.cpp */; };
		9352F62D1160F2660030513B /* Workbench.cpp in Sources */ = {isa = PBXBuildFile; fileRef = 9352F62C1160F2660030513B /* Workbench.cpp */; };
		9352F6751160F3590030513B /* GameEngine.cpp in Sources */ = {isa = PBXBuildFile; fileRef = 9352F6741160F3590030513B /* GameEngine.cpp */; };
		9352F6D51160F9610030513B /* Hud.cpp in Sources */ = {isa = PBXBuildFile; fileRef = 9352F6D41160F9610030513B /* Hud.cpp */; };
		9368494E115E3B3100328A1F /* HudButtons.cpp in Sources */ = {isa = PBXBuildFile; fileRef = 9368494D115E3B3100328A1F /* HudButtons.cpp */; };
		93684957115E3CEF00328A1F /* Room.cpp in Sources */ = {isa = PBXBuildFile; fileRef = 93684956115E3CEF00328A1F /* Room.cpp */; };
		938748BA115D337F008B6CB0 /* Floor.cpp in Sources */ = {isa = PBXBuildFile; fileRef = 938748B9115D337F008B6CB0 /* Floor.cpp */; };
		93874993115D3D6F008B6CB0 /* Bit.cpp in Sources */ = {isa = PBXBuildFile; fileRef = 93874992115D3D6F008B6CB0 /* Bit.cpp */; };
		938749D6115D41D9008B6CB0 /* Switch.cpp in Sources */ = {isa = PBXBuildFile; fileRef = 938749D5115D41D9008B6CB0 /* Switch.cpp */; };
		93910A41115D0F8400FDE06E /* Button.cpp in Sources */ = {isa = PBXBuildFile; fileRef = 93910A40115D0F8400FDE06E /* Button.cpp */; };
		93AD6A19115D7D7100C675B3 /* Row.cpp in Sources */ = {isa = PBXBuildFile; fileRef = 93AD6A18115D7D7100C675B3 /* Row.cpp */; };
		93CCCE5F1125CA7400946784 /* Avatar.cpp in Sources */ = {isa = PBXBuildFile; fileRef = 93CCCE5E1125CA7400946784 /* Avatar.cpp */; };
		93E020B51146EC6500191B06 /* gltypes.1.cpp in Sources */ = {isa = PBXBuildFile; fileRef = 93E020B41146EC6500191B06 /* gltypes.1.cpp */; };
		93FBB17610951247001A2885 /* OpenGL.framework in Frameworks */ = {isa = PBXBuildFile; fileRef = 93FBB17510951247001A2885 /* OpenGL.framework */; };
		93FBB18810951250001A2885 /* GLUT.framework in Frameworks */ = {isa = PBXBuildFile; fileRef = 93FBB18710951250001A2885 /* GLUT.framework */; };
/* End PBXBuildFile section */

/* Begin PBXCopyFilesBuildPhase section */
		8DD76F690486A84900D96B5E /* CopyFiles */ = {
			isa = PBXCopyFilesBuildPhase;
			buildActionMask = 8;
			dstPath = /usr/share/man/man1/;
			dstSubfolderSpec = 0;
			files = (
				8DD76F6A0486A84900D96B5E /* Sewers.1 in CopyFiles */,
			);
			runOnlyForDeploymentPostprocessing = 1;
		};
/* End PBXCopyFilesBuildPhase section */

/* Begin PBXFileReference section */
		8DD76F6C0486A84900D96B5E /* Sewers */ = {isa = PBXFileReference; explicitFileType = "compiled.mach-o.executable"; includeInIndex = 0; path = Sewers; sourceTree = BUILT_PRODUCTS_DIR; };
		930E08DE115E528500ABAAE5 /* Connection.hpp */ = {isa = PBXFileReference; fileEncoding = 4; lastKnownFileType = sourcecode.cpp.h; path = Connection.hpp; sourceTree = "<group>"; };
		930E08DF115E528500ABAAE5 /* Connection.cpp */ = {isa = PBXFileReference; fileEncoding = 4; lastKnownFileType = sourcecode.cpp.cpp; path = Connection.cpp; sourceTree = "<group>"; };
		930E08EC115E53C900ABAAE5 /* TruthTable.hpp */ = {isa = PBXFileReference; fileEncoding = 4; lastKnownFileType = sourcecode.cpp.h; path = TruthTable.hpp; sourceTree = "<group>"; };
		930E08ED115E53C900ABAAE5 /* TruthTable.cpp */ = {isa = PBXFileReference; fileEncoding = 4; lastKnownFileType = sourcecode.cpp.cpp; path = TruthTable.cpp; sourceTree = "<group>"; };
		931A70C1114E774800F17A33 /* Tester.cpp */ = {isa = PBXFileReference; fileEncoding = 4; lastKnownFileType = sourcecode.cpp.cpp; path = Tester.cpp; sourceTree = "<group>"; };
		933F3B171116057B004062C4 /* globals.hpp */ = {isa = PBXFileReference; fileEncoding = 4; lastKnownFileType = sourcecode.cpp.h; path = globals.hpp; sourceTree = "<group>"; };
		933F3B2F1116057B004062C4 /* DrawingObject.cpp */ = {isa = PBXFileReference; fileEncoding = 4; lastKnownFileType = sourcecode.cpp.cpp; path = DrawingObject.cpp; sourceTree = "<group>"; };
		933F3B301116057B004062C4 /* DrawingObject.hpp */ = {isa = PBXFileReference; fileEncoding = 4; lastKnownFileType = sourcecode.cpp.h; path = DrawingObject.hpp; sourceTree = "<group>"; };
		9352F5C11160ED810030513B /* Gate.hpp */ = {isa = PBXFileReference; fileEncoding = 4; lastKnownFileType = sourcecode.cpp.h; path = Gate.hpp; sourceTree = "<group>"; };
		9352F5C21160ED810030513B /* Gate.cpp */ = {isa = PBXFileReference; fileEncoding = 4; lastKnownFileType = sourcecode.cpp.cpp; path = Gate.cpp; sourceTree = "<group>"; };
		9352F5CA1160EF110030513B /* Puzzle.hpp */ = {isa = PBXFileReference; fileEncoding = 4; lastKnownFileType = sourcecode.cpp.h; path = Puzzle.hpp; sourceTree = "<group>"; };
		9352F5CB1160EF110030513B /* Puzzle.cpp */ = {isa = PBXFileReference; fileEncoding = 4; lastKnownFileType = sourcecode.cpp.cpp; path = Puzzle.cpp; sourceTree = "<group>"; };
		9352F5CF1160EF860030513B /* HudPuzzle.hpp */ = {isa = PBXFileReference; fileEncoding = 4; lastKnownFileType = sourcecode.cpp.h; path = HudPuzzle.hpp; sourceTree = "<group>"; };
		9352F5D01160EF860030513B /* HudPuzzle.cpp */ = {isa = PBXFileReference; fileEncoding = 4; lastKnownFileType = sourcecode.cpp.cpp; path = HudPuzzle.cpp; sourceTree = "<group>"; };
		9352F5D41160EFDD0030513B /* BlueprintScreen.hpp */ = {isa = PBXFileReference; fileEncoding = 4; lastKnownFileType = sourcecode.cpp.h; path = BlueprintScreen.hpp; sourceTree = "<group>"; };
		9352F5D51160EFDD0030513B /* BlueprintScreen.cpp */ = {isa = PBXFileReference; fileEncoding = 4; lastKnownFileType = sourcecode.cpp.cpp; path = BlueprintScreen.cpp; sourceTree = "<group>"; };
		9352F6071160F1100030513B /* PuzzleRoom.hpp */ = {isa = PBXFileReference; fileEncoding = 4; lastKnownFileType = sourcecode.cpp.h; path = PuzzleRoom.hpp; sourceTree = "<group>"; };
		9352F6081160F1100030513B /* PuzzleRoom.cpp */ = {isa = PBXFileReference; fileEncoding = 4; lastKnownFileType = sourcecode.cpp.cpp; path = PuzzleRoom.cpp; sourceTree = "<group>"; };
		9352F60C1160F1950030513B /* ManufacturersRoom.hpp */ = {isa = PBXFileReference; fileEncoding = 4; lastKnownFileType = sourcecode.cpp.h; path = ManufacturersRoom.hpp; sourceTree = "<group>"; };
		9352F60D1160F1950030513B /* ManufacturersRoom.cpp */ = {isa = PBXFileReference; fileEncoding = 4; lastKnownFileType = sourcecode.cpp.cpp; path = ManufacturersRoom.cpp; sourceTree = "<group>"; };
		9352F62B1160F2660030513B /* Workbench.hpp */ = {isa = PBXFileReference; fileEncoding = 4; lastKnownFileType = sourcecode.cpp.h; path = Workbench.hpp; sourceTree = "<group>"; };
		9352F62C1160F2660030513B /* Workbench.cpp */ = {isa = PBXFileReference; fileEncoding = 4; lastKnownFileType = sourcecode.cpp.cpp; path = Workbench.cpp; sourceTree = "<group>"; };
		9352F6741160F3590030513B /* GameEngine.cpp */ = {isa = PBXFileReference; fileEncoding = 4; lastKnownFileType = sourcecode.cpp.cpp; path = GameEngine.cpp; sourceTree = "<group>"; };
		9352F6D31160F9610030513B /* Hud.hpp */ = {isa = PBXFileReference; fileEncoding = 4; lastKnownFileType = sourcecode.cpp.h; path = Hud.hpp; sourceTree = "<group>"; };
		9352F6D41160F9610030513B /* Hud.cpp */ = {isa = PBXFileReference; fileEncoding = 4; lastKnownFileType = sourcecode.cpp.cpp; path = Hud.cpp; sourceTree = "<group>"; };
		935FBBF11143EFFC00D3E3EE /* glheaders.OSX.hpp */ = {isa = PBXFileReference; fileEncoding = 4; lastKnownFileType = sourcecode.cpp.h; path = glheaders.OSX.hpp; sourceTree = "<group>"; };
		9368494C115E3B3100328A1F /* HudButtons.hpp */ = {isa = PBXFileReference; fileEncoding = 4; lastKnownFileType = sourcecode.cpp.h; path = HudButtons.hpp; sourceTree = "<group>"; };
		9368494D115E3B3100328A1F /* HudButtons.cpp */ = {isa = PBXFileReference; fileEncoding = 4; lastKnownFileType = sourcecode.cpp.cpp; path = HudButtons.cpp; sourceTree = "<group>"; };
		93684955115E3CEF00328A1F /* Room.hpp */ = {isa = PBXFileReference; fileEncoding = 4; lastKnownFileType = sourcecode.cpp.h; path = Room.hpp; sourceTree = "<group>"; };
		93684956115E3CEF00328A1F /* Room.cpp */ = {isa = PBXFileReference; fileEncoding = 4; lastKnownFileType = sourcecode.cpp.cpp; path = Room.cpp; sourceTree = "<group>"; };
		938748B8115D337F008B6CB0 /* Floor.hpp */ = {isa = PBXFileReference; fileEncoding = 4; lastKnownFileType = sourcecode.cpp.h; path = Floor.hpp; sourceTree = "<group>"; };
		938748B9115D337F008B6CB0 /* Floor.cpp */ = {isa = PBXFileReference; fileEncoding = 4; lastKnownFileType = sourcecode.cpp.cpp; path = Floor.cpp; sourceTree = "<group>"; };
		93874991115D3D6F008B6CB0 /* Bit.hpp */ = {isa = PBXFileReference; fileEncoding = 4; lastKnownFileType = sourcecode.cpp.h; path = Bit.hpp; sourceTree = "<group>"; };
		93874992115D3D6F008B6CB0 /* Bit.cpp */ = {isa = PBXFileReference; fileEncoding = 4; lastKnownFileType = sourcecode.cpp.cpp; path = Bit.cpp; sourceTree = "<group>"; };
		938749D4115D41D9008B6CB0 /* Switch.hpp */ = {isa = PBXFileReference; fileEncoding = 4; lastKnownFileType = sourcecode.cpp.h; path = Switch.hpp; sourceTree = "<group>"; };
		938749D5115D41D9008B6CB0 /* Switch.cpp */ = {isa = PBXFileReference; fileEncoding = 4; lastKnownFileType = sourcecode.cpp.cpp; path = Switch.cpp; sourceTree = "<group>"; };
		93910A3F115D0F8400FDE06E /* Button.hpp */ = {isa = PBXFileReference; fileEncoding = 4; lastKnownFileType = sourcecode.cpp.h; path = Button.hpp; sourceTree = "<group>"; };
		93910A40115D0F8400FDE06E /* Button.cpp */ = {isa = PBXFileReference; fileEncoding = 4; lastKnownFileType = sourcecode.cpp.cpp; path = Button.cpp; sourceTree = "<group>"; };
		93AD6A17115D7D7100C675B3 /* Row.hpp */ = {isa = PBXFileReference; fileEncoding = 4; lastKnownFileType = sourcecode.cpp.h; path = Row.hpp; sourceTree = "<group>"; };
		93AD6A18115D7D7100C675B3 /* Row.cpp */ = {isa = PBXFileReference; fileEncoding = 4; lastKnownFileType = sourcecode.cpp.cpp; path = Row.cpp; sourceTree = "<group>"; };
		93CCCE5E1125CA7400946784 /* Avatar.cpp */ = {isa = PBXFileReference; fileEncoding = 4; lastKnownFileType = sourcecode.cpp.cpp; path = Avatar.cpp; sourceTree = "<group>"; };
		93CCCE891125CA9C00946784 /* Avatar.hpp */ = {isa = PBXFileReference; fileEncoding = 4; lastKnownFileType = sourcecode.cpp.h; path = Avatar.hpp; sourceTree = "<group>"; };
		93E020AF1146EC5800191B06 /* gltypes.1.h */ = {isa = PBXFileReference; fileEncoding = 4; lastKnownFileType = sourcecode.c.h; path = gltypes.1.h; sourceTree = "<group>"; };
		93E020B41146EC6500191B06 /* gltypes.1.cpp */ = {isa = PBXFileReference; fileEncoding = 4; lastKnownFileType = sourcecode.cpp.cpp; path = gltypes.1.cpp; sourceTree = "<group>"; };
		93FBB17510951247001A2885 /* OpenGL.framework */ = {isa = PBXFileReference; lastKnownFileType = wrapper.framework; name = OpenGL.framework; path = /System/Library/Frameworks/OpenGL.framework; sourceTree = "<absolute>"; };
		93FBB18710951250001A2885 /* GLUT.framework */ = {isa = PBXFileReference; lastKnownFileType = wrapper.framework; name = GLUT.framework; path = /System/Library/Frameworks/GLUT.framework; sourceTree = "<absolute>"; };
		C6859E8B029090EE04C91782 /* Sewers.1 */ = {isa = PBXFileReference; lastKnownFileType = text.man; path = Sewers.1; sourceTree = "<group>"; };
/* End PBXFileReference section */

/* Begin PBXFrameworksBuildPhase section */
		8DD76F660486A84900D96B5E /* Frameworks */ = {
			isa = PBXFrameworksBuildPhase;
			buildActionMask = 2147483647;
			files = (
				93FBB17610951247001A2885 /* OpenGL.framework in Frameworks */,
				93FBB18810951250001A2885 /* GLUT.framework in Frameworks */,
			);
			runOnlyForDeploymentPostprocessing = 0;
		};
/* End PBXFrameworksBuildPhase section */

/* Begin PBXGroup section */
		08FB7794FE84155DC02AAC07 /* Sewers */ = {
			isa = PBXGroup;
			children = (
				93CCCE891125CA9C00946784 /* Avatar.hpp */,
				93CCCE5E1125CA7400946784 /* Avatar.cpp */,
				93874991115D3D6F008B6CB0 /* Bit.hpp */,
				93874992115D3D6F008B6CB0 /* Bit.cpp */,
				9352F5D41160EFDD0030513B /* BlueprintScreen.hpp */,
				9352F5D51160EFDD0030513B /* BlueprintScreen.cpp */,
				93910A3F115D0F8400FDE06E /* Button.hpp */,
				93910A40115D0F8400FDE06E /* Button.cpp */,
				930E08DE115E528500ABAAE5 /* Connection.hpp */,
				930E08DF115E528500ABAAE5 /* Connection.cpp */,
				933F3B301116057B004062C4 /* DrawingObject.hpp */,
				933F3B2F1116057B004062C4 /* DrawingObject.cpp */,
				938748B8115D337F008B6CB0 /* Floor.hpp */,
				938748B9115D337F008B6CB0 /* Floor.cpp */,
				9352F6741160F3590030513B /* GameEngine.cpp */,
				9352F5C11160ED810030513B /* Gate.hpp */,
				9352F5C21160ED810030513B /* Gate.cpp */,
				9352F6D31160F9610030513B /* Hud.hpp */,
				9352F6D41160F9610030513B /* Hud.cpp */,
				935FBBF11143EFFC00D3E3EE /* glheaders.OSX.hpp */,
				933F3B171116057B004062C4 /* globals.hpp */,
				93E020AF1146EC5800191B06 /* gltypes.1.h */,
				93E020B41146EC6500191B06 /* gltypes.1.cpp */,
				9368494C115E3B3100328A1F /* HudButtons.hpp */,
				9368494D115E3B3100328A1F /* HudButtons.cpp */,
				9352F5CF1160EF860030513B /* HudPuzzle.hpp */,
				9352F5D01160EF860030513B /* HudPuzzle.cpp */,
				9352F60C1160F1950030513B /* ManufacturersRoom.hpp */,
				9352F60D1160F1950030513B /* ManufacturersRoom.cpp */,
				9352F5CA1160EF110030513B /* Puzzle.hpp */,
				9352F5CB1160EF110030513B /* Puzzle.cpp */,
				9352F6071160F1100030513B /* PuzzleRoom.hpp */,
				9352F6081160F1100030513B /* PuzzleRoom.cpp */,
				93684955115E3CEF00328A1F /* Room.hpp */,
				93684956115E3CEF00328A1F /* Room.cpp */,
				93AD6A17115D7D7100C675B3 /* Row.hpp */,
				93AD6A18115D7D7100C675B3 /* Row.cpp */,
				938749D4115D41D9008B6CB0 /* Switch.hpp */,
				938749D5115D41D9008B6CB0 /* Switch.cpp */,
				931A70C1114E774800F17A33 /* Tester.cpp */,
				930E08EC115E53C900ABAAE5 /* TruthTable.hpp */,
				930E08ED115E53C900ABAAE5 /* TruthTable.cpp */,
				9352F62B1160F2660030513B /* Workbench.hpp */,
				9352F62C1160F2660030513B /* Workbench.cpp */,
				93FBB18710951250001A2885 /* GLUT.framework */,
				93FBB17510951247001A2885 /* OpenGL.framework */,
				C6859E8C029090F304C91782 /* Documentation */,
				1AB674ADFE9D54B511CA2CBB /* Products */,
			);
			name = Sewers;
			sourceTree = "<group>";
		};
		1AB674ADFE9D54B511CA2CBB /* Products */ = {
			isa = PBXGroup;
			children = (
				8DD76F6C0486A84900D96B5E /* Sewers */,
			);
			name = Products;
			sourceTree = "<group>";
		};
		C6859E8C029090F304C91782 /* Documentation */ = {
			isa = PBXGroup;
			children = (
				C6859E8B029090EE04C91782 /* Sewers.1 */,
			);
			name = Documentation;
			sourceTree = "<group>";
		};
/* End PBXGroup section */

/* Begin PBXNativeTarget section */
		8DD76F620486A84900D96B5E /* Sewers */ = {
			isa = PBXNativeTarget;
			buildConfigurationList = 1DEB923108733DC60010E9CD /* Build configuration list for PBXNativeTarget "Sewers" */;
			buildPhases = (
				8DD76F640486A84900D96B5E /* Sources */,
				8DD76F660486A84900D96B5E /* Frameworks */,
				8DD76F690486A84900D96B5E /* CopyFiles */,
			);
			buildRules = (
			);
			dependencies = (
			);
			name = Sewers;
			productInstallPath = "$(HOME)/bin";
			productName = Sewers;
			productReference = 8DD76F6C0486A84900D96B5E /* Sewers */;
			productType = "com.apple.product-type.tool";
		};
/* End PBXNativeTarget section */

/* Begin PBXProject section */
		08FB7793FE84155DC02AAC07 /* Project object */ = {
			isa = PBXProject;
			buildConfigurationList = 1DEB923508733DC60010E9CD /* Build configuration list for PBXProject "Sewers" */;
			compatibilityVersion = "Xcode 3.1";
			hasScannedForEncodings = 1;
			mainGroup = 08FB7794FE84155DC02AAC07 /* Sewers */;
			projectDirPath = "";
			projectRoot = "";
			targets = (
				8DD76F620486A84900D96B5E /* Sewers */,
			);
		};
/* End PBXProject section */

/* Begin PBXSourcesBuildPhase section */
		8DD76F640486A84900D96B5E /* Sources */ = {
			isa = PBXSourcesBuildPhase;
			buildActionMask = 2147483647;
			files = (
				933F3B461116057B004062C4 /* DrawingObject.cpp in Sources */,
				93CCCE5F1125CA7400946784 /* Avatar.cpp in Sources */,
				93E020B51146EC6500191B06 /* gltypes.1.cpp in Sources */,
				931A70C2114E774800F17A33 /* Tester.cpp in Sources */,
				93910A41115D0F8400FDE06E /* Button.cpp in Sources */,
				938748BA115D337F008B6CB0 /* Floor.cpp in Sources */,
				93874993115D3D6F008B6CB0 /* Bit.cpp in Sources */,
				938749D6115D41D9008B6CB0 /* Switch.cpp in Sources */,
				93AD6A19115D7D7100C675B3 /* Row.cpp in Sources */,
				9368494E115E3B3100328A1F /* HudButtons.cpp in Sources */,
				93684957115E3CEF00328A1F /* Room.cpp in Sources */,
				930E08E0115E528500ABAAE5 /* Connection.cpp in Sources */,
				930E08EE115E53C900ABAAE5 /* TruthTable.cpp in Sources */,
				9352F5C31160ED810030513B /* Gate.cpp in Sources */,
				9352F5CC1160EF110030513B /* Puzzle.cpp in Sources */,
				9352F5D11160EF860030513B /* HudPuzzle.cpp in Sources */,
				9352F5D61160EFDD0030513B /* BlueprintScreen.cpp in Sources */,
				9352F6091160F1100030513B /* PuzzleRoom.cpp in Sources */,
				9352F60E1160F1950030513B /* ManufacturersRoom.cpp in Sources */,
				9352F62D1160F2660030513B /* Workbench.cpp in Sources */,
				9352F6751160F3590030513B /* GameEngine.cpp in Sources */,
				9352F6D51160F9610030513B /* Hud.cpp in Sources */,
			);
			runOnlyForDeploymentPostprocessing = 0;
		};
/* End PBXSourcesBuildPhase section */

/* Begin XCBuildConfiguration section */
		1DEB923208733DC60010E9CD /* Debug */ = {
			isa = XCBuildConfiguration;
			buildSettings = {
				ALWAYS_SEARCH_USER_PATHS = NO;
				COPY_PHASE_STRIP = NO;
				GCC_DYNAMIC_NO_PIC = NO;
				GCC_ENABLE_FIX_AND_CONTINUE = YES;
				GCC_MODEL_TUNING = G5;
				GCC_OPTIMIZATION_LEVEL = 0;
				GCC_PREPROCESSOR_DEFINITIONS = (
					"_GLIBCXX_DEBUG=1",
					"_GLIBCXX_DEBUG_PEDANTIC=1",
				);
				INSTALL_PATH = /usr/local/bin;
				PRODUCT_NAME = Sewers;
			};
			name = Debug;
		};
		1DEB923308733DC60010E9CD /* Release */ = {
			isa = XCBuildConfiguration;
			buildSettings = {
				ALWAYS_SEARCH_USER_PATHS = NO;
				DEBUG_INFORMATION_FORMAT = "dwarf-with-dsym";
				GCC_MODEL_TUNING = G5;
				INSTALL_PATH = /usr/local/bin;
				PRODUCT_NAME = Sewers;
			};
			name = Release;
		};
		1DEB923608733DC60010E9CD /* Debug */ = {
			isa = XCBuildConfiguration;
			buildSettings = {
				ARCHS = "$(ARCHS_STANDARD_32_BIT)";
				GCC_C_LANGUAGE_STANDARD = c99;
				GCC_OPTIMIZATION_LEVEL = 0;
				GCC_WARN_ABOUT_RETURN_TYPE = YES;
				GCC_WARN_UNUSED_VARIABLE = YES;
				ONLY_ACTIVE_ARCH = YES;
				PREBINDING = NO;
				SDKROOT = macosx10.5;
			};
			name = Debug;
		};
		1DEB923708733DC60010E9CD /* Release */ = {
			isa = XCBuildConfiguration;
			buildSettings = {
				ARCHS = "$(ARCHS_STANDARD_32_BIT)";
				GCC_C_LANGUAGE_STANDARD = c99;
				GCC_WARN_ABOUT_RETURN_TYPE = YES;
				GCC_WARN_UNUSED_VARIABLE = YES;
				PREBINDING = NO;
				SDKROOT = macosx10.5;
			};
			name = Release;
		};
/* End XCBuildConfiguration section */

/* Begin XCConfigurationList section */
		1DEB923108733DC60010E9CD /* Build configuration list for PBXNativeTarget "Sewers" */ = {
			isa = XCConfigurationList;
			buildConfigurations = (
				1DEB923208733DC60010E9CD /* Debug */,
				1DEB923308733DC60010E9CD /* Release */,
			);
			defaultConfigurationIsVisible = 0;
			defaultConfigurationName = Release;
		};
		1DEB923508733DC60010E9CD /* Build configuration list for PBXProject "Sewers" */ = {
			isa = XCConfigurationList;
			buildConfigurations = (
				1DEB923608733DC60010E9CD /* Debug */,
				1DEB923708733DC60010E9CD /* Release */,
			);
			defaultConfigurationIsVisible = 0;
			defaultConfigurationName = Release;
		};
/* End XCConfigurationList section */
	};
	rootObject = 08FB7793FE84155DC02AAC07 /* Project object */;
}
