// !$*UTF8*$!
{
	archiveVersion = 1;
	classes = {
	};
	objectVersion = 45;
	objects = {

/* Begin PBXBuildFile section */
		8DD76F6A0486A84900D96B5E /* Sewers.1 in CopyFiles */ = {isa = PBXBuildFile; fileRef = C6859E8B029090EE04C91782 /* Sewers.1 */; };
		933F3B391116057B004062C4 /* CircuitOld.cpp in Sources */ = {isa = PBXBuildFile; fileRef = 933F3B131116057B004062C4 /* CircuitOld.cpp */; };
		933F3B3B1116057B004062C4 /* Driver.cpp in Sources */ = {isa = PBXBuildFile; fileRef = 933F3B181116057B004062C4 /* Driver.cpp */; };
		933F3B3F1116057B004062C4 /* GameEngine.cpp in Sources */ = {isa = PBXBuildFile; fileRef = 933F3B1F1116057B004062C4 /* GameEngine.cpp */; };
		933F3B411116057B004062C4 /* gltypes.1.cpp in Sources */ = {isa = PBXBuildFile; fileRef = 933F3B251116057B004062C4 /* gltypes.1.cpp */; };
		933F3B461116057B004062C4 /* Object.cpp in Sources */ = {isa = PBXBuildFile; fileRef = 933F3B2F1116057B004062C4 /* Object.cpp */; };
		933F3B471116057B004062C4 /* OldGameEngine.cpp in Sources */ = {isa = PBXBuildFile; fileRef = 933F3B311116057B004062C4 /* OldGameEngine.cpp */; };
		933F3B481116057B004062C4 /* SewersObject.cpp in Sources */ = {isa = PBXBuildFile; fileRef = 933F3B331116057B004062C4 /* SewersObject.cpp */; };
		936F2A90112D0AE30022EDF3 /* GameScreen.cpp in Sources */ = {isa = PBXBuildFile; fileRef = 936F2A8F112D0AE30022EDF3 /* GameScreen.cpp */; };
		93A8EFAF112B44DC0065A774 /* Switch.cpp in Sources */ = {isa = PBXBuildFile; fileRef = 93A8EFAE112B44DC0065A774 /* Switch.cpp */; };
		93A8EFC4112B4A510065A774 /* Gate.cpp in Sources */ = {isa = PBXBuildFile; fileRef = 93A8EFC3112B4A510065A774 /* Gate.cpp */; };
		93A8EFCF112B4BCC0065A774 /* Exit.cpp in Sources */ = {isa = PBXBuildFile; fileRef = 93A8EFCE112B4BCC0065A774 /* Exit.cpp */; };
		93A8F18E112BA33A0065A774 /* CircuitObject.cpp in Sources */ = {isa = PBXBuildFile; fileRef = 93A8F18D112BA33A0065A774 /* CircuitObject.cpp */; };
		93CCCE5F1125CA7400946784 /* Avatar.cpp in Sources */ = {isa = PBXBuildFile; fileRef = 93CCCE5E1125CA7400946784 /* Avatar.cpp */; };
		93CCCEBE1125CD8D00946784 /* Computer.cpp in Sources */ = {isa = PBXBuildFile; fileRef = 93CCCEBD1125CD8D00946784 /* Computer.cpp */; };
		93CCCF121125D11500946784 /* Entrance.cpp in Sources */ = {isa = PBXBuildFile; fileRef = 93CCCF111125D11500946784 /* Entrance.cpp */; };
		93FBB17610951247001A2885 /* OpenGL.framework in Frameworks */ = {isa = PBXBuildFile; fileRef = 93FBB17510951247001A2885 /* OpenGL.framework */; };
		93FBB18810951250001A2885 /* GLUT.framework in Frameworks */ = {isa = PBXBuildFile; fileRef = 93FBB18710951250001A2885 /* GLUT.framework */; };
/* End PBXBuildFile section */

/* Begin PBXCopyFilesBuildPhase section */
		8DD76F690486A84900D96B5E /* CopyFiles */ = {
			isa = PBXCopyFilesBuildPhase;
			buildActionMask = 8;
			dstPath = /usr/share/man/man1/;
			dstSubfolderSpec = 0;
			files = (
				8DD76F6A0486A84900D96B5E /* Sewers.1 in CopyFiles */,
			);
			runOnlyForDeploymentPostprocessing = 1;
		};
/* End PBXCopyFilesBuildPhase section */

/* Begin PBXFileReference section */
		8DD76F6C0486A84900D96B5E /* Sewers */ = {isa = PBXFileReference; explicitFileType = "compiled.mach-o.executable"; includeInIndex = 0; path = Sewers; sourceTree = BUILT_PRODUCTS_DIR; };
		933F3B131116057B004062C4 /* CircuitOld.cpp */ = {isa = PBXFileReference; fileEncoding = 4; lastKnownFileType = sourcecode.cpp.cpp; path = CircuitOld.cpp; sourceTree = "<group>"; };
		933F3B141116057B004062C4 /* CircuitOld.hpp */ = {isa = PBXFileReference; fileEncoding = 4; lastKnownFileType = sourcecode.cpp.h; path = CircuitOld.hpp; sourceTree = "<group>"; };
		933F3B171116057B004062C4 /* constants.hpp */ = {isa = PBXFileReference; fileEncoding = 4; lastKnownFileType = sourcecode.cpp.h; path = constants.hpp; sourceTree = "<group>"; };
		933F3B181116057B004062C4 /* Driver.cpp */ = {isa = PBXFileReference; fileEncoding = 4; lastKnownFileType = sourcecode.cpp.cpp; path = Driver.cpp; sourceTree = "<group>"; };
		933F3B1F1116057B004062C4 /* GameEngine.cpp */ = {isa = PBXFileReference; fileEncoding = 4; lastKnownFileType = sourcecode.cpp.cpp; path = GameEngine.cpp; sourceTree = "<group>"; };
		933F3B201116057B004062C4 /* GameEngine.hpp */ = {isa = PBXFileReference; fileEncoding = 4; lastKnownFileType = sourcecode.cpp.h; path = GameEngine.hpp; sourceTree = "<group>"; };
		933F3B231116057B004062C4 /* gl.h */ = {isa = PBXFileReference; fileEncoding = 4; lastKnownFileType = sourcecode.c.h; path = gl.h; sourceTree = "<group>"; };
		933F3B241116057B004062C4 /* glheaders.hpp */ = {isa = PBXFileReference; fileEncoding = 4; lastKnownFileType = sourcecode.cpp.h; path = glheaders.hpp; sourceTree = "<group>"; };
		933F3B251116057B004062C4 /* gltypes.1.cpp */ = {isa = PBXFileReference; fileEncoding = 4; lastKnownFileType = sourcecode.cpp.cpp; path = gltypes.1.cpp; sourceTree = "<group>"; };
		933F3B261116057B004062C4 /* gltypes.1.h */ = {isa = PBXFileReference; fileEncoding = 4; lastKnownFileType = sourcecode.c.h; path = gltypes.1.h; sourceTree = "<group>"; };
		933F3B271116057B004062C4 /* glut.h */ = {isa = PBXFileReference; fileEncoding = 4; lastKnownFileType = sourcecode.c.h; path = glut.h; sourceTree = "<group>"; };
		933F3B2F1116057B004062C4 /* Object.cpp */ = {isa = PBXFileReference; fileEncoding = 4; lastKnownFileType = sourcecode.cpp.cpp; path = Object.cpp; sourceTree = "<group>"; };
		933F3B301116057B004062C4 /* Object.hpp */ = {isa = PBXFileReference; fileEncoding = 4; lastKnownFileType = sourcecode.cpp.h; path = Object.hpp; sourceTree = "<group>"; };
		933F3B311116057B004062C4 /* OldGameEngine.cpp */ = {isa = PBXFileReference; fileEncoding = 4; lastKnownFileType = sourcecode.cpp.cpp; path = OldGameEngine.cpp; sourceTree = "<group>"; };
		933F3B321116057B004062C4 /* OldGameEngine.hpp */ = {isa = PBXFileReference; fileEncoding = 4; lastKnownFileType = sourcecode.cpp.h; path = OldGameEngine.hpp; sourceTree = "<group>"; };
		933F3B331116057B004062C4 /* SewersObject.cpp */ = {isa = PBXFileReference; fileEncoding = 4; lastKnownFileType = sourcecode.cpp.cpp; path = SewersObject.cpp; sourceTree = "<group>"; };
		933F3B341116057B004062C4 /* SewersObject.hpp */ = {isa = PBXFileReference; fileEncoding = 4; lastKnownFileType = sourcecode.cpp.h; path = SewersObject.hpp; sourceTree = "<group>"; };
		936F2A8F112D0AE30022EDF3 /* GameScreen.cpp */ = {isa = PBXFileReference; fileEncoding = 4; lastKnownFileType = sourcecode.cpp.cpp; path = GameScreen.cpp; sourceTree = "<group>"; };
		936F2AA6112D0B610022EDF3 /* GameScreen.hpp */ = {isa = PBXFileReference; fileEncoding = 4; lastKnownFileType = sourcecode.cpp.h; path = GameScreen.hpp; sourceTree = "<group>"; };
		93A8EFAB112B43ED0065A774 /* Switch.hpp */ = {isa = PBXFileReference; fileEncoding = 4; lastKnownFileType = sourcecode.cpp.h; path = Switch.hpp; sourceTree = "<group>"; };
		93A8EFAE112B44DC0065A774 /* Switch.cpp */ = {isa = PBXFileReference; fileEncoding = 4; lastKnownFileType = sourcecode.cpp.cpp; path = Switch.cpp; sourceTree = "<group>"; };
		93A8EFBE112B48800065A774 /* Gate.hpp */ = {isa = PBXFileReference; fileEncoding = 4; lastKnownFileType = sourcecode.cpp.h; path = Gate.hpp; sourceTree = "<group>"; };
		93A8EFC3112B4A510065A774 /* Gate.cpp */ = {isa = PBXFileReference; fileEncoding = 4; lastKnownFileType = sourcecode.cpp.cpp; path = Gate.cpp; sourceTree = "<group>"; };
		93A8EFCB112B4B430065A774 /* Exit.hpp */ = {isa = PBXFileReference; fileEncoding = 4; lastKnownFileType = sourcecode.cpp.h; path = Exit.hpp; sourceTree = "<group>"; };
		93A8EFCE112B4BCC0065A774 /* Exit.cpp */ = {isa = PBXFileReference; fileEncoding = 4; lastKnownFileType = sourcecode.cpp.cpp; path = Exit.cpp; sourceTree = "<group>"; };
		93A8F18D112BA33A0065A774 /* CircuitObject.cpp */ = {isa = PBXFileReference; fileEncoding = 4; lastKnownFileType = sourcecode.cpp.cpp; path = CircuitObject.cpp; sourceTree = "<group>"; };
		93A8F191112BA34A0065A774 /* CircuitObject.hpp */ = {isa = PBXFileReference; fileEncoding = 4; lastKnownFileType = sourcecode.cpp.h; path = CircuitObject.hpp; sourceTree = "<group>"; };
		93CCCE5E1125CA7400946784 /* Avatar.cpp */ = {isa = PBXFileReference; fileEncoding = 4; lastKnownFileType = sourcecode.cpp.cpp; path = Avatar.cpp; sourceTree = "<group>"; };
		93CCCE891125CA9C00946784 /* Avatar.hpp */ = {isa = PBXFileReference; fileEncoding = 4; lastKnownFileType = sourcecode.cpp.h; path = Avatar.hpp; sourceTree = "<group>"; };
		93CCCEBD1125CD8D00946784 /* Computer.cpp */ = {isa = PBXFileReference; fileEncoding = 4; lastKnownFileType = sourcecode.cpp.cpp; path = Computer.cpp; sourceTree = "<group>"; };
		93CCCEC11125CD9700946784 /* Computer.hpp */ = {isa = PBXFileReference; fileEncoding = 4; lastKnownFileType = sourcecode.cpp.h; path = Computer.hpp; sourceTree = "<group>"; };
		93CCCF111125D11500946784 /* Entrance.cpp */ = {isa = PBXFileReference; fileEncoding = 4; lastKnownFileType = sourcecode.cpp.cpp; path = Entrance.cpp; sourceTree = "<group>"; };
		93CCCF151125D12700946784 /* Entrance.hpp */ = {isa = PBXFileReference; fileEncoding = 4; lastKnownFileType = sourcecode.cpp.h; path = Entrance.hpp; sourceTree = "<group>"; };
		93FBB17510951247001A2885 /* OpenGL.framework */ = {isa = PBXFileReference; lastKnownFileType = wrapper.framework; name = OpenGL.framework; path = /System/Library/Frameworks/OpenGL.framework; sourceTree = "<absolute>"; };
		93FBB18710951250001A2885 /* GLUT.framework */ = {isa = PBXFileReference; lastKnownFileType = wrapper.framework; name = GLUT.framework; path = /System/Library/Frameworks/GLUT.framework; sourceTree = "<absolute>"; };
		93FBB256109523BE001A2885 /* ComponentList */ = {isa = PBXFileReference; fileEncoding = 4; lastKnownFileType = text; path = ComponentList; sourceTree = "<group>"; };
		C6859E8B029090EE04C91782 /* Sewers.1 */ = {isa = PBXFileReference; lastKnownFileType = text.man; path = Sewers.1; sourceTree = "<group>"; };
/* End PBXFileReference section */

/* Begin PBXFrameworksBuildPhase section */
		8DD76F660486A84900D96B5E /* Frameworks */ = {
			isa = PBXFrameworksBuildPhase;
			buildActionMask = 2147483647;
			files = (
				93FBB17610951247001A2885 /* OpenGL.framework in Frameworks */,
				93FBB18810951250001A2885 /* GLUT.framework in Frameworks */,
			);
			runOnlyForDeploymentPostprocessing = 0;
		};
/* End PBXFrameworksBuildPhase section */

/* Begin PBXGroup section */
		08FB7794FE84155DC02AAC07 /* Sewers */ = {
			isa = PBXGroup;
			children = (
				933F3B231116057B004062C4 /* gl.h */,
				933F3B271116057B004062C4 /* glut.h */,
				933F3B241116057B004062C4 /* glheaders.hpp */,
				933F3B261116057B004062C4 /* gltypes.1.h */,
				933F3B251116057B004062C4 /* gltypes.1.cpp */,
				933F3B171116057B004062C4 /* constants.hpp */,
				933F3B181116057B004062C4 /* Driver.cpp */,
				933F3B201116057B004062C4 /* GameEngine.hpp */,
				933F3B1F1116057B004062C4 /* GameEngine.cpp */,
				933F3B301116057B004062C4 /* Object.hpp */,
				933F3B2F1116057B004062C4 /* Object.cpp */,
				93A8F191112BA34A0065A774 /* CircuitObject.hpp */,
				93A8F18D112BA33A0065A774 /* CircuitObject.cpp */,
				93A8EFAB112B43ED0065A774 /* Switch.hpp */,
				93A8EFAE112B44DC0065A774 /* Switch.cpp */,
				93A8EFBE112B48800065A774 /* Gate.hpp */,
				93A8EFC3112B4A510065A774 /* Gate.cpp */,
				93A8EFCB112B4B430065A774 /* Exit.hpp */,
				93A8EFCE112B4BCC0065A774 /* Exit.cpp */,
				93CCCE891125CA9C00946784 /* Avatar.hpp */,
				93CCCE5E1125CA7400946784 /* Avatar.cpp */,
				93CCCEC11125CD9700946784 /* Computer.hpp */,
				93CCCEBD1125CD8D00946784 /* Computer.cpp */,
				93CCCF151125D12700946784 /* Entrance.hpp */,
				93CCCF111125D11500946784 /* Entrance.cpp */,
				936F2AA6112D0B610022EDF3 /* GameScreen.hpp */,
				936F2A8F112D0AE30022EDF3 /* GameScreen.cpp */,
				933F3B131116057B004062C4 /* CircuitOld.cpp */,
				933F3B141116057B004062C4 /* CircuitOld.hpp */,
				933F3B311116057B004062C4 /* OldGameEngine.cpp */,
				933F3B321116057B004062C4 /* OldGameEngine.hpp */,
				933F3B331116057B004062C4 /* SewersObject.cpp */,
				933F3B341116057B004062C4 /* SewersObject.hpp */,
				93FBB256109523BE001A2885 /* ComponentList */,
				93FBB18710951250001A2885 /* GLUT.framework */,
				93FBB17510951247001A2885 /* OpenGL.framework */,
				C6859E8C029090F304C91782 /* Documentation */,
				1AB674ADFE9D54B511CA2CBB /* Products */,
			);
			name = Sewers;
			sourceTree = "<group>";
		};
		1AB674ADFE9D54B511CA2CBB /* Products */ = {
			isa = PBXGroup;
			children = (
				8DD76F6C0486A84900D96B5E /* Sewers */,
			);
			name = Products;
			sourceTree = "<group>";
		};
		C6859E8C029090F304C91782 /* Documentation */ = {
			isa = PBXGroup;
			children = (
				C6859E8B029090EE04C91782 /* Sewers.1 */,
			);
			name = Documentation;
			sourceTree = "<group>";
		};
/* End PBXGroup section */

/* Begin PBXNativeTarget section */
		8DD76F620486A84900D96B5E /* Sewers */ = {
			isa = PBXNativeTarget;
			buildConfigurationList = 1DEB923108733DC60010E9CD /* Build configuration list for PBXNativeTarget "Sewers" */;
			buildPhases = (
				8DD76F640486A84900D96B5E /* Sources */,
				8DD76F660486A84900D96B5E /* Frameworks */,
				8DD76F690486A84900D96B5E /* CopyFiles */,
			);
			buildRules = (
			);
			dependencies = (
			);
			name = Sewers;
			productInstallPath = "$(HOME)/bin";
			productName = Sewers;
			productReference = 8DD76F6C0486A84900D96B5E /* Sewers */;
			productType = "com.apple.product-type.tool";
		};
/* End PBXNativeTarget section */

/* Begin PBXProject section */
		08FB7793FE84155DC02AAC07 /* Project object */ = {
			isa = PBXProject;
			buildConfigurationList = 1DEB923508733DC60010E9CD /* Build configuration list for PBXProject "Sewers" */;
			compatibilityVersion = "Xcode 3.1";
			hasScannedForEncodings = 1;
			mainGroup = 08FB7794FE84155DC02AAC07 /* Sewers */;
			projectDirPath = "";
			projectRoot = "";
			targets = (
				8DD76F620486A84900D96B5E /* Sewers */,
			);
		};
/* End PBXProject section */

/* Begin PBXSourcesBuildPhase section */
		8DD76F640486A84900D96B5E /* Sources */ = {
			isa = PBXSourcesBuildPhase;
			buildActionMask = 2147483647;
			files = (
				933F3B391116057B004062C4 /* CircuitOld.cpp in Sources */,
				933F3B3B1116057B004062C4 /* Driver.cpp in Sources */,
				933F3B3F1116057B004062C4 /* GameEngine.cpp in Sources */,
				933F3B411116057B004062C4 /* gltypes.1.cpp in Sources */,
				933F3B461116057B004062C4 /* Object.cpp in Sources */,
				933F3B471116057B004062C4 /* OldGameEngine.cpp in Sources */,
				933F3B481116057B004062C4 /* SewersObject.cpp in Sources */,
				93CCCE5F1125CA7400946784 /* Avatar.cpp in Sources */,
				93CCCEBE1125CD8D00946784 /* Computer.cpp in Sources */,
				93CCCF121125D11500946784 /* Entrance.cpp in Sources */,
				93A8EFAF112B44DC0065A774 /* Switch.cpp in Sources */,
				93A8EFC4112B4A510065A774 /* Gate.cpp in Sources */,
				93A8EFCF112B4BCC0065A774 /* Exit.cpp in Sources */,
				93A8F18E112BA33A0065A774 /* CircuitObject.cpp in Sources */,
				936F2A90112D0AE30022EDF3 /* GameScreen.cpp in Sources */,
			);
			runOnlyForDeploymentPostprocessing = 0;
		};
/* End PBXSourcesBuildPhase section */

/* Begin XCBuildConfiguration section */
		1DEB923208733DC60010E9CD /* Debug */ = {
			isa = XCBuildConfiguration;
			buildSettings = {
				ALWAYS_SEARCH_USER_PATHS = NO;
				COPY_PHASE_STRIP = NO;
				GCC_DYNAMIC_NO_PIC = NO;
				GCC_ENABLE_FIX_AND_CONTINUE = YES;
				GCC_MODEL_TUNING = G5;
				GCC_OPTIMIZATION_LEVEL = 0;
				GCC_PREPROCESSOR_DEFINITIONS = (
					"_GLIBCXX_DEBUG=1",
					"_GLIBCXX_DEBUG_PEDANTIC=1",
				);
				INSTALL_PATH = /usr/local/bin;
				PRODUCT_NAME = Sewers;
			};
			name = Debug;
		};
		1DEB923308733DC60010E9CD /* Release */ = {
			isa = XCBuildConfiguration;
			buildSettings = {
				ALWAYS_SEARCH_USER_PATHS = NO;
				DEBUG_INFORMATION_FORMAT = "dwarf-with-dsym";
				GCC_MODEL_TUNING = G5;
				INSTALL_PATH = /usr/local/bin;
				PRODUCT_NAME = Sewers;
			};
			name = Release;
		};
		1DEB923608733DC60010E9CD /* Debug */ = {
			isa = XCBuildConfiguration;
			buildSettings = {
				ARCHS = "$(ARCHS_STANDARD_32_BIT)";
				GCC_C_LANGUAGE_STANDARD = c99;
				GCC_OPTIMIZATION_LEVEL = 0;
				GCC_WARN_ABOUT_RETURN_TYPE = YES;
				GCC_WARN_UNUSED_VARIABLE = YES;
				ONLY_ACTIVE_ARCH = YES;
				PREBINDING = NO;
				SDKROOT = macosx10.5;
			};
			name = Debug;
		};
		1DEB923708733DC60010E9CD /* Release */ = {
			isa = XCBuildConfiguration;
			buildSettings = {
				ARCHS = "$(ARCHS_STANDARD_32_BIT)";
				GCC_C_LANGUAGE_STANDARD = c99;
				GCC_WARN_ABOUT_RETURN_TYPE = YES;
				GCC_WARN_UNUSED_VARIABLE = YES;
				PREBINDING = NO;
				SDKROOT = macosx10.5;
			};
			name = Release;
		};
/* End XCBuildConfiguration section */

/* Begin XCConfigurationList section */
		1DEB923108733DC60010E9CD /* Build configuration list for PBXNativeTarget "Sewers" */ = {
			isa = XCConfigurationList;
			buildConfigurations = (
				1DEB923208733DC60010E9CD /* Debug */,
				1DEB923308733DC60010E9CD /* Release */,
			);
			defaultConfigurationIsVisible = 0;
			defaultConfigurationName = Release;
		};
		1DEB923508733DC60010E9CD /* Build configuration list for PBXProject "Sewers" */ = {
			isa = XCConfigurationList;
			buildConfigurations = (
				1DEB923608733DC60010E9CD /* Debug */,
				1DEB923708733DC60010E9CD /* Release */,
			);
			defaultConfigurationIsVisible = 0;
			defaultConfigurationName = Release;
		};
/* End XCConfigurationList section */
	};
	rootObject = 08FB7793FE84155DC02AAC07 /* Project object */;
}
